
Microsoft Visual Studio Solution File, Format Version 12.00
# Visual Studio Version 16
VisualStudioVersion = 16.0.30523.141
MinimumVisualStudioVersion = 10.0.40219.1
Project("{FAE04EC0-301F-11D3-BF4B-00C04F79EFBC}") = "DEMO_GITHUB", "DEMO_GITHUB\DEMO_GITHUB.csproj", "{418B6D38-768C-4DED-8F8B-F8B34368167D}"
EndProject
Global
	GlobalSection(SolutionConfigurationPlatforms) = preSolution
		Debug|Any CPU = Debug|Any CPU
		Release|Any CPU = Release|Any CPU
	EndGlobalSection
	GlobalSection(ProjectConfigurationPlatforms) = postSolution
		{418B6D38-768C-4DED-8F8B-F8B34368167D}.Debug|Any CPU.ActiveCfg = Debug|Any CPU
		{418B6D38-768C-4DED-8F8B-F8B34368167D}.Debug|Any CPU.Build.0 = Debug|Any CPU
		{418B6D38-768C-4DED-8F8B-F8B34368167D}.Release|Any CPU.ActiveCfg = Release|Any CPU
		{418B6D38-768C-4DED-8F8B-F8B34368167D}.Release|Any CPU.Build.0 = Release|Any CPU
	EndGlobalSection
	GlobalSection(SolutionProperties) = preSolution
		HideSolutionNode = FALSE
	EndGlobalSection
	GlobalSection(ExtensibilityGlobals) = postSolution
		SolutionGuid = {E174AAC7-DF83-4721-8B6D-4D413E9DFD75}
	EndGlobalSection
EndGlobal
